
Microsoft Visual Studio Solution File, Format Version 12.00
# Visual Studio Version 16
VisualStudioVersion = 16.0.32106.194
MinimumVisualStudioVersion = 10.0.40219.1
Project("{9A19103F-16F7-4668-BE54-9A1E7A4F7556}") = "WebCrawler", "TestTask.NetTraineeUkad\WebCrawler.csproj", "{770C2CA8-9AEB-4D1A-A8A4-F3FE45558E24}"
EndProject
Global
	GlobalSection(SolutionConfigurationPlatforms) = preSolution
		Debug|Any CPU = Debug|Any CPU
		Release|Any CPU = Release|Any CPU
	EndGlobalSection
	GlobalSection(ProjectConfigurationPlatforms) = postSolution
		{770C2CA8-9AEB-4D1A-A8A4-F3FE45558E24}.Debug|Any CPU.ActiveCfg = Debug|Any CPU
		{770C2CA8-9AEB-4D1A-A8A4-F3FE45558E24}.Debug|Any CPU.Build.0 = Debug|Any CPU
		{770C2CA8-9AEB-4D1A-A8A4-F3FE45558E24}.Release|Any CPU.ActiveCfg = Release|Any CPU
		{770C2CA8-9AEB-4D1A-A8A4-F3FE45558E24}.Release|Any CPU.Build.0 = Release|Any CPU
	EndGlobalSection
	GlobalSection(SolutionProperties) = preSolution
		HideSolutionNode = FALSE
	EndGlobalSection
	GlobalSection(ExtensibilityGlobals) = postSolution
		SolutionGuid = {70A0CCD0-7CC2-43D1-968D-F27141A875B8}
	EndGlobalSection
EndGlobal
